
Microsoft Visual Studio Solution File, Format Version 12.00
# Visual Studio Version 17
VisualStudioVersion = 17.3.32929.385
MinimumVisualStudioVersion = 10.0.40219.1
Project("{9A19103F-16F7-4668-BE54-9A1E7A4F7556}") = "WebAPI", "server\WebAPI.csproj", "{DC414686-F4EB-4CB7-8B04-6E1D9F7F67B0}"
EndProject
Project("{9A19103F-16F7-4668-BE54-9A1E7A4F7556}") = "Repositories", "Repositories\Repositories.csproj", "{87723B0D-9236-4C61-9BC3-8C323D21097A}"
EndProject
Project("{9A19103F-16F7-4668-BE54-9A1E7A4F7556}") = "Mock", "Mock\Mock.csproj", "{8C24CE7B-A23B-4EBB-8B95-8EA8F3A13E0A}"
EndProject
Project("{9A19103F-16F7-4668-BE54-9A1E7A4F7556}") = "Services", "Services\Services.csproj", "{BC6C354B-8EBA-46DC-B708-84B14E6794D6}"
EndProject
Global
	GlobalSection(SolutionConfigurationPlatforms) = preSolution
		Debug|Any CPU = Debug|Any CPU
		Release|Any CPU = Release|Any CPU
	EndGlobalSection
	GlobalSection(ProjectConfigurationPlatforms) = postSolution
		{DC414686-F4EB-4CB7-8B04-6E1D9F7F67B0}.Debug|Any CPU.ActiveCfg = Debug|Any CPU
		{DC414686-F4EB-4CB7-8B04-6E1D9F7F67B0}.Debug|Any CPU.Build.0 = Debug|Any CPU
		{DC414686-F4EB-4CB7-8B04-6E1D9F7F67B0}.Release|Any CPU.ActiveCfg = Release|Any CPU
		{DC414686-F4EB-4CB7-8B04-6E1D9F7F67B0}.Release|Any CPU.Build.0 = Release|Any CPU
		{87723B0D-9236-4C61-9BC3-8C323D21097A}.Debug|Any CPU.ActiveCfg = Debug|Any CPU
		{87723B0D-9236-4C61-9BC3-8C323D21097A}.Debug|Any CPU.Build.0 = Debug|Any CPU
		{87723B0D-9236-4C61-9BC3-8C323D21097A}.Release|Any CPU.ActiveCfg = Release|Any CPU
		{87723B0D-9236-4C61-9BC3-8C323D21097A}.Release|Any CPU.Build.0 = Release|Any CPU
		{8C24CE7B-A23B-4EBB-8B95-8EA8F3A13E0A}.Debug|Any CPU.ActiveCfg = Debug|Any CPU
		{8C24CE7B-A23B-4EBB-8B95-8EA8F3A13E0A}.Debug|Any CPU.Build.0 = Debug|Any CPU
		{8C24CE7B-A23B-4EBB-8B95-8EA8F3A13E0A}.Release|Any CPU.ActiveCfg = Release|Any CPU
		{8C24CE7B-A23B-4EBB-8B95-8EA8F3A13E0A}.Release|Any CPU.Build.0 = Release|Any CPU
		{BC6C354B-8EBA-46DC-B708-84B14E6794D6}.Debug|Any CPU.ActiveCfg = Debug|Any CPU
		{BC6C354B-8EBA-46DC-B708-84B14E6794D6}.Debug|Any CPU.Build.0 = Debug|Any CPU
		{BC6C354B-8EBA-46DC-B708-84B14E6794D6}.Release|Any CPU.ActiveCfg = Release|Any CPU
		{BC6C354B-8EBA-46DC-B708-84B14E6794D6}.Release|Any CPU.Build.0 = Release|Any CPU
	EndGlobalSection
	GlobalSection(SolutionProperties) = preSolution
		HideSolutionNode = FALSE
	EndGlobalSection
	GlobalSection(ExtensibilityGlobals) = postSolution
		SolutionGuid = {7554B0AB-B774-4AD6-AE4E-F4B38858897F}
	EndGlobalSection
EndGlobal
